
Microsoft Visual Studio Solution File, Format Version 12.00
# Visual Studio Version 17
VisualStudioVersion = 17.0.31903.59
MinimumVisualStudioVersion = 10.0.40219.1
Project("{FAE04EC0-301F-11D3-BF4B-00C04F79EFBC}") = "Restaurants.API", "Restaurants.API\Restaurants.API.csproj", "{35146A04-C464-4D71-9DFF-5EEF59960921}"
EndProject
Project("{FAE04EC0-301F-11D3-BF4B-00C04F79EFBC}") = "Restaurants.Domain", "Restaurants.Domain\Restaurants.Domain.csproj", "{FF7B8FDD-1406-464E-AC48-C8D7541CA6A5}"
EndProject
Project("{FAE04EC0-301F-11D3-BF4B-00C04F79EFBC}") = "Restaurants.Application", "Restaurants.Application\Restaurants.Application.csproj", "{FF40B186-9D60-4103-8E9F-F86A1F6403C5}"
EndProject
Project("{FAE04EC0-301F-11D3-BF4B-00C04F79EFBC}") = "Restaurants.Infrastructure", "Restaurants.Infrastructure\Restaurants.Infrastructure.csproj", "{E0683D5B-B7F3-4830-8D09-BF5686BE8662}"
EndProject
Global
	GlobalSection(SolutionConfigurationPlatforms) = preSolution
		Debug|Any CPU = Debug|Any CPU
		Release|Any CPU = Release|Any CPU
	EndGlobalSection
	GlobalSection(ProjectConfigurationPlatforms) = postSolution
		{35146A04-C464-4D71-9DFF-5EEF59960921}.Debug|Any CPU.ActiveCfg = Debug|Any CPU
		{35146A04-C464-4D71-9DFF-5EEF59960921}.Debug|Any CPU.Build.0 = Debug|Any CPU
		{35146A04-C464-4D71-9DFF-5EEF59960921}.Release|Any CPU.ActiveCfg = Release|Any CPU
		{35146A04-C464-4D71-9DFF-5EEF59960921}.Release|Any CPU.Build.0 = Release|Any CPU
		{FF7B8FDD-1406-464E-AC48-C8D7541CA6A5}.Debug|Any CPU.ActiveCfg = Debug|Any CPU
		{FF7B8FDD-1406-464E-AC48-C8D7541CA6A5}.Debug|Any CPU.Build.0 = Debug|Any CPU
		{FF7B8FDD-1406-464E-AC48-C8D7541CA6A5}.Release|Any CPU.ActiveCfg = Release|Any CPU
		{FF7B8FDD-1406-464E-AC48-C8D7541CA6A5}.Release|Any CPU.Build.0 = Release|Any CPU
		{FF40B186-9D60-4103-8E9F-F86A1F6403C5}.Debug|Any CPU.ActiveCfg = Debug|Any CPU
		{FF40B186-9D60-4103-8E9F-F86A1F6403C5}.Debug|Any CPU.Build.0 = Debug|Any CPU
		{FF40B186-9D60-4103-8E9F-F86A1F6403C5}.Release|Any CPU.ActiveCfg = Release|Any CPU
		{FF40B186-9D60-4103-8E9F-F86A1F6403C5}.Release|Any CPU.Build.0 = Release|Any CPU
		{E0683D5B-B7F3-4830-8D09-BF5686BE8662}.Debug|Any CPU.ActiveCfg = Debug|Any CPU
		{E0683D5B-B7F3-4830-8D09-BF5686BE8662}.Debug|Any CPU.Build.0 = Debug|Any CPU
		{E0683D5B-B7F3-4830-8D09-BF5686BE8662}.Release|Any CPU.ActiveCfg = Release|Any CPU
		{E0683D5B-B7F3-4830-8D09-BF5686BE8662}.Release|Any CPU.Build.0 = Release|Any CPU
	EndGlobalSection
	GlobalSection(SolutionProperties) = preSolution
		HideSolutionNode = FALSE
	EndGlobalSection
EndGlobal
